
Microsoft Visual Studio Solution File, Format Version 12.00
# Visual Studio Version 17
VisualStudioVersion = 17.8.34316.72
MinimumVisualStudioVersion = 10.0.40219.1
Project("{9A19103F-16F7-4668-BE54-9A1E7A4F7556}") = "Xunit.Runner.Http", "Xunit.Runner.Http\Xunit.Runner.Http.csproj", "{7F1375F8-DFEF-4988-BC37-F10296204FAD}"
EndProject
Project("{2150E333-8FDC-42A3-9474-1A3956D46DE8}") = "build", "build", "{DADD6E0D-60B0-4ACB-8216-5BEDDB57A883}"
	ProjectSection(SolutionItems) = preProject
		.github\workflows\dotnet.yaml = .github\workflows\dotnet.yaml
	EndProjectSection
EndProject
Project("{FAE04EC0-301F-11D3-BF4B-00C04F79EFBC}") = "SampleAcceptanceTests", "samples\SampleAcceptanceTests\SampleAcceptanceTests.csproj", "{1809F4FB-13CD-4147-82F8-B66479B870EE}"
EndProject
Global
	GlobalSection(SolutionConfigurationPlatforms) = preSolution
		Debug|Any CPU = Debug|Any CPU
		Release|Any CPU = Release|Any CPU
	EndGlobalSection
	GlobalSection(ProjectConfigurationPlatforms) = postSolution
		{7F1375F8-DFEF-4988-BC37-F10296204FAD}.Debug|Any CPU.ActiveCfg = Debug|Any CPU
		{7F1375F8-DFEF-4988-BC37-F10296204FAD}.Debug|Any CPU.Build.0 = Debug|Any CPU
		{7F1375F8-DFEF-4988-BC37-F10296204FAD}.Release|Any CPU.ActiveCfg = Release|Any CPU
		{7F1375F8-DFEF-4988-BC37-F10296204FAD}.Release|Any CPU.Build.0 = Release|Any CPU
		{1809F4FB-13CD-4147-82F8-B66479B870EE}.Debug|Any CPU.ActiveCfg = Debug|Any CPU
		{1809F4FB-13CD-4147-82F8-B66479B870EE}.Debug|Any CPU.Build.0 = Debug|Any CPU
		{1809F4FB-13CD-4147-82F8-B66479B870EE}.Release|Any CPU.ActiveCfg = Release|Any CPU
		{1809F4FB-13CD-4147-82F8-B66479B870EE}.Release|Any CPU.Build.0 = Release|Any CPU
	EndGlobalSection
	GlobalSection(SolutionProperties) = preSolution
		HideSolutionNode = FALSE
	EndGlobalSection
	GlobalSection(ExtensibilityGlobals) = postSolution
		SolutionGuid = {A3A434A2-612C-4A2C-9ECE-DFC19C2097BC}
	EndGlobalSection
EndGlobal
